{
  "requires": true,
  "lockfileVersion": 1,
  "dependencies": {
    "ngx-bootstrap": {
      "version": "4.2.0",
      "resolved": "https://registry.npmjs.org/ngx-bootstrap/-/ngx-bootstrap-4.2.0.tgz",
      "integrity": "sha512-+oqkTiNWgd0IOUI0+DDlBjbdYN40Ymqu5kBgsbfxTnySOVgWfdO4BLbbv5YuKRWNnzkCLECLiL5WWB6WrWmDsA=="
    }
  }
}
